// !$*UTF8*$!
{
	archiveVersion = 1;
	classes = {
	};
	objectVersion = 56;
	objects = {

/* Begin PBXBuildFile section */
		BAE760762C205801002C56B3 /* ChordJamApp.swift in Sources */ = {isa = PBXBuildFile; fileRef = BAE760752C205801002C56B3 /* ChordJamApp.swift */; };
		BAE760782C205801002C56B3 /* TuningView.swift in Sources */ = {isa = PBXBuildFile; fileRef = BAE760772C205801002C56B3 /* TuningView.swift */; };
		BAE7607A2C205803002C56B3 /* Assets.xcassets in Resources */ = {isa = PBXBuildFile; fileRef = BAE760792C205803002C56B3 /* Assets.xcassets */; };
		BAE7607D2C205803002C56B3 /* Preview Assets.xcassets in Resources */ = {isa = PBXBuildFile; fileRef = BAE7607C2C205803002C56B3 /* Preview Assets.xcassets */; };
		BAEDEC712C2097F900752435 /* AudioKit in Frameworks */ = {isa = PBXBuildFile; productRef = BAEDEC702C2097F900752435 /* AudioKit */; };
		BAEDEC732C209F0100752435 /* ChordController.swift in Sources */ = {isa = PBXBuildFile; fileRef = BAEDEC722C209F0100752435 /* ChordController.swift */; };
		BAEDEC762C20A31A00752435 /* AudioKit in Frameworks */ = {isa = PBXBuildFile; productRef = BAEDEC752C20A31A00752435 /* AudioKit */; };
		BAEDEC792C20A32200752435 /* AudioKitEX in Frameworks */ = {isa = PBXBuildFile; productRef = BAEDEC782C20A32200752435 /* AudioKitEX */; };
		BAEDEC7C2C20A33C00752435 /* AudioKitUI in Frameworks */ = {isa = PBXBuildFile; productRef = BAEDEC7B2C20A33C00752435 /* AudioKitUI */; };
		BAEDEC7F2C20A36000752435 /* SoundpipeAudioKit in Frameworks */ = {isa = PBXBuildFile; productRef = BAEDEC7E2C20A36000752435 /* SoundpipeAudioKit */; };
		BAEDEC812C21501800752435 /* LevelsView.swift in Sources */ = {isa = PBXBuildFile; fileRef = BAEDEC802C21501800752435 /* LevelsView.swift */; };
		BAEDEC832C2151DC00752435 /* LevelsController.swift in Sources */ = {isa = PBXBuildFile; fileRef = BAEDEC822C2151DC00752435 /* LevelsController.swift */; };
		BAEDEC862C2163A800752435 /* Level1View.swift in Sources */ = {isa = PBXBuildFile; fileRef = BAEDEC852C2163A800752435 /* Level1View.swift */; };
		BAEDEC882C2163C800752435 /* ModalLevel1.swift in Sources */ = {isa = PBXBuildFile; fileRef = BAEDEC872C2163C800752435 /* ModalLevel1.swift */; };
		BAEDEC8B2C216DB000752435 /* Tonic in Frameworks */ = {isa = PBXBuildFile; productRef = BAEDEC8A2C216DB000752435 /* Tonic */; };
		BAEDEC8D2C21EB0200752435 /* CombinedLevelsView.swift in Sources */ = {isa = PBXBuildFile; fileRef = BAEDEC8C2C21EB0200752435 /* CombinedLevelsView.swift */; };
		BAEDEC8F2C21EBB600752435 /* FinishLevel.swift in Sources */ = {isa = PBXBuildFile; fileRef = BAEDEC8E2C21EBB600752435 /* FinishLevel.swift */; };
/* End PBXBuildFile section */

/* Begin PBXFileReference section */
		BAE760722C205801002C56B3 /* ChordJam.app */ = {isa = PBXFileReference; explicitFileType = wrapper.application; includeInIndex = 0; path = ChordJam.app; sourceTree = BUILT_PRODUCTS_DIR; };
		BAE760752C205801002C56B3 /* ChordJamApp.swift */ = {isa = PBXFileReference; lastKnownFileType = sourcecode.swift; path = ChordJamApp.swift; sourceTree = "<group>"; };
		BAE760772C205801002C56B3 /* TuningView.swift */ = {isa = PBXFileReference; lastKnownFileType = sourcecode.swift; path = TuningView.swift; sourceTree = "<group>"; };
		BAE760792C205803002C56B3 /* Assets.xcassets */ = {isa = PBXFileReference; lastKnownFileType = folder.assetcatalog; path = Assets.xcassets; sourceTree = "<group>"; };
		BAE7607C2C205803002C56B3 /* Preview Assets.xcassets */ = {isa = PBXFileReference; lastKnownFileType = folder.assetcatalog; path = "Preview Assets.xcassets"; sourceTree = "<group>"; };
		BAEDEC722C209F0100752435 /* ChordController.swift */ = {isa = PBXFileReference; lastKnownFileType = sourcecode.swift; path = ChordController.swift; sourceTree = "<group>"; };
		BAEDEC802C21501800752435 /* LevelsView.swift */ = {isa = PBXFileReference; lastKnownFileType = sourcecode.swift; path = LevelsView.swift; sourceTree = "<group>"; };
		BAEDEC822C2151DC00752435 /* LevelsController.swift */ = {isa = PBXFileReference; lastKnownFileType = sourcecode.swift; path = LevelsController.swift; sourceTree = "<group>"; };
		BAEDEC852C2163A800752435 /* Level1View.swift */ = {isa = PBXFileReference; lastKnownFileType = sourcecode.swift; path = Level1View.swift; sourceTree = "<group>"; };
		BAEDEC872C2163C800752435 /* ModalLevel1.swift */ = {isa = PBXFileReference; lastKnownFileType = sourcecode.swift; path = ModalLevel1.swift; sourceTree = "<group>"; };
		BAEDEC8C2C21EB0200752435 /* CombinedLevelsView.swift */ = {isa = PBXFileReference; lastKnownFileType = sourcecode.swift; path = CombinedLevelsView.swift; sourceTree = "<group>"; };
		BAEDEC8E2C21EBB600752435 /* FinishLevel.swift */ = {isa = PBXFileReference; lastKnownFileType = sourcecode.swift; path = FinishLevel.swift; sourceTree = "<group>"; };
/* End PBXFileReference section */

/* Begin PBXFrameworksBuildPhase section */
		BAE7606F2C205801002C56B3 /* Frameworks */ = {
			isa = PBXFrameworksBuildPhase;
			buildActionMask = 2147483647;
			files = (
				BAEDEC8B2C216DB000752435 /* Tonic in Frameworks */,
				BAEDEC792C20A32200752435 /* AudioKitEX in Frameworks */,
				BAEDEC7F2C20A36000752435 /* SoundpipeAudioKit in Frameworks */,
				BAEDEC762C20A31A00752435 /* AudioKit in Frameworks */,
				BAEDEC7C2C20A33C00752435 /* AudioKitUI in Frameworks */,
				BAEDEC712C2097F900752435 /* AudioKit in Frameworks */,
			);
			runOnlyForDeploymentPostprocessing = 0;
		};
/* End PBXFrameworksBuildPhase section */

/* Begin PBXGroup section */
		BAE760692C205801002C56B3 = {
			isa = PBXGroup;
			children = (
				BAE760742C205801002C56B3 /* ChordJam */,
				BAE760732C205801002C56B3 /* Products */,
			);
			sourceTree = "<group>";
		};
		BAE760732C205801002C56B3 /* Products */ = {
			isa = PBXGroup;
			children = (
				BAE760722C205801002C56B3 /* ChordJam.app */,
			);
			name = Products;
			sourceTree = "<group>";
		};
		BAE760742C205801002C56B3 /* ChordJam */ = {
			isa = PBXGroup;
			children = (
				BAEDEC842C21639400752435 /* Level1 */,
				BAEDEC8E2C21EBB600752435 /* FinishLevel.swift */,
				BAE760752C205801002C56B3 /* ChordJamApp.swift */,
				BAEDEC8C2C21EB0200752435 /* CombinedLevelsView.swift */,
				BAE760772C205801002C56B3 /* TuningView.swift */,
				BAEDEC722C209F0100752435 /* ChordController.swift */,
				BAEDEC802C21501800752435 /* LevelsView.swift */,
				BAEDEC822C2151DC00752435 /* LevelsController.swift */,
				BAE760792C205803002C56B3 /* Assets.xcassets */,
				BAE7607B2C205803002C56B3 /* Preview Content */,
			);
			path = ChordJam;
			sourceTree = "<group>";
		};
		BAE7607B2C205803002C56B3 /* Preview Content */ = {
			isa = PBXGroup;
			children = (
				BAE7607C2C205803002C56B3 /* Preview Assets.xcassets */,
			);
			path = "Preview Content";
			sourceTree = "<group>";
		};
		BAEDEC842C21639400752435 /* Level1 */ = {
			isa = PBXGroup;
			children = (
				BAEDEC852C2163A800752435 /* Level1View.swift */,
				BAEDEC872C2163C800752435 /* ModalLevel1.swift */,
			);
			path = Level1;
			sourceTree = "<group>";
		};
/* End PBXGroup section */

/* Begin PBXNativeTarget section */
		BAE760712C205801002C56B3 /* ChordJam */ = {
			isa = PBXNativeTarget;
			buildConfigurationList = BAE760802C205803002C56B3 /* Build configuration list for PBXNativeTarget "ChordJam" */;
			buildPhases = (
				BAE7606E2C205801002C56B3 /* Sources */,
				BAE7606F2C205801002C56B3 /* Frameworks */,
				BAE760702C205801002C56B3 /* Resources */,
			);
			buildRules = (
			);
			dependencies = (
			);
			name = ChordJam;
			packageProductDependencies = (
				BAEDEC702C2097F900752435 /* AudioKit */,
				BAEDEC752C20A31A00752435 /* AudioKit */,
				BAEDEC782C20A32200752435 /* AudioKitEX */,
				BAEDEC7B2C20A33C00752435 /* AudioKitUI */,
				BAEDEC7E2C20A36000752435 /* SoundpipeAudioKit */,
				BAEDEC8A2C216DB000752435 /* Tonic */,
			);
			productName = ChordJam;
			productReference = BAE760722C205801002C56B3 /* ChordJam.app */;
			productType = "com.apple.product-type.application";
		};
/* End PBXNativeTarget section */

/* Begin PBXProject section */
		BAE7606A2C205801002C56B3 /* Project object */ = {
			isa = PBXProject;
			attributes = {
				BuildIndependentTargetsInParallel = 1;
				LastSwiftUpdateCheck = 1540;
				LastUpgradeCheck = 1540;
				TargetAttributes = {
					BAE760712C205801002C56B3 = {
						CreatedOnToolsVersion = 15.4;
					};
				};
			};
			buildConfigurationList = BAE7606D2C205801002C56B3 /* Build configuration list for PBXProject "ChordJam" */;
			compatibilityVersion = "Xcode 14.0";
			developmentRegion = en;
			hasScannedForEncodings = 0;
			knownRegions = (
				en,
				Base,
			);
			mainGroup = BAE760692C205801002C56B3;
			packageReferences = (
				BAEDEC742C20A31A00752435 /* XCRemoteSwiftPackageReference "AudioKit" */,
				BAEDEC772C20A32200752435 /* XCRemoteSwiftPackageReference "AudioKitEX" */,
				BAEDEC7A2C20A33C00752435 /* XCRemoteSwiftPackageReference "AudioKitUI" */,
				BAEDEC7D2C20A36000752435 /* XCRemoteSwiftPackageReference "SoundpipeAudioKit" */,
				BAEDEC892C216DB000752435 /* XCRemoteSwiftPackageReference "Tonic" */,
			);
			productRefGroup = BAE760732C205801002C56B3 /* Products */;
			projectDirPath = "";
			projectRoot = "";
			targets = (
				BAE760712C205801002C56B3 /* ChordJam */,
			);
		};
/* End PBXProject section */

/* Begin PBXResourcesBuildPhase section */
		BAE760702C205801002C56B3 /* Resources */ = {
			isa = PBXResourcesBuildPhase;
			buildActionMask = 2147483647;
			files = (
				BAE7607D2C205803002C56B3 /* Preview Assets.xcassets in Resources */,
				BAE7607A2C205803002C56B3 /* Assets.xcassets in Resources */,
			);
			runOnlyForDeploymentPostprocessing = 0;
		};
/* End PBXResourcesBuildPhase section */

/* Begin PBXSourcesBuildPhase section */
		BAE7606E2C205801002C56B3 /* Sources */ = {
			isa = PBXSourcesBuildPhase;
			buildActionMask = 2147483647;
			files = (
				BAE760782C205801002C56B3 /* TuningView.swift in Sources */,
				BAEDEC832C2151DC00752435 /* LevelsController.swift in Sources */,
				BAEDEC8D2C21EB0200752435 /* CombinedLevelsView.swift in Sources */,
				BAEDEC812C21501800752435 /* LevelsView.swift in Sources */,
				BAEDEC862C2163A800752435 /* Level1View.swift in Sources */,
				BAEDEC8F2C21EBB600752435 /* FinishLevel.swift in Sources */,
				BAE760762C205801002C56B3 /* ChordJamApp.swift in Sources */,
				BAEDEC882C2163C800752435 /* ModalLevel1.swift in Sources */,
				BAEDEC732C209F0100752435 /* ChordController.swift in Sources */,
			);
			runOnlyForDeploymentPostprocessing = 0;
		};
/* End PBXSourcesBuildPhase section */

/* Begin XCBuildConfiguration section */
		BAE7607E2C205803002C56B3 /* Debug */ = {
			isa = XCBuildConfiguration;
			buildSettings = {
				ALWAYS_SEARCH_USER_PATHS = NO;
				ASSETCATALOG_COMPILER_GENERATE_SWIFT_ASSET_SYMBOL_EXTENSIONS = YES;
				CLANG_ANALYZER_NONNULL = YES;
				CLANG_ANALYZER_NUMBER_OBJECT_CONVERSION = YES_AGGRESSIVE;
				CLANG_CXX_LANGUAGE_STANDARD = "gnu++20";
				CLANG_ENABLE_MODULES = YES;
				CLANG_ENABLE_OBJC_ARC = YES;
				CLANG_ENABLE_OBJC_WEAK = YES;
				CLANG_WARN_BLOCK_CAPTURE_AUTORELEASING = YES;
				CLANG_WARN_BOOL_CONVERSION = YES;
				CLANG_WARN_COMMA = YES;
				CLANG_WARN_CONSTANT_CONVERSION = YES;
				CLANG_WARN_DEPRECATED_OBJC_IMPLEMENTATIONS = YES;
				CLANG_WARN_DIRECT_OBJC_ISA_USAGE = YES_ERROR;
				CLANG_WARN_DOCUMENTATION_COMMENTS = YES;
				CLANG_WARN_EMPTY_BODY = YES;
				CLANG_WARN_ENUM_CONVERSION = YES;
				CLANG_WARN_INFINITE_RECURSION = YES;
				CLANG_WARN_INT_CONVERSION = YES;
				CLANG_WARN_NON_LITERAL_NULL_CONVERSION = YES;
				CLANG_WARN_OBJC_IMPLICIT_RETAIN_SELF = YES;
				CLANG_WARN_OBJC_LITERAL_CONVERSION = YES;
				CLANG_WARN_OBJC_ROOT_CLASS = YES_ERROR;
				CLANG_WARN_QUOTED_INCLUDE_IN_FRAMEWORK_HEADER = YES;
				CLANG_WARN_RANGE_LOOP_ANALYSIS = YES;
				CLANG_WARN_STRICT_PROTOTYPES = YES;
				CLANG_WARN_SUSPICIOUS_MOVE = YES;
				CLANG_WARN_UNGUARDED_AVAILABILITY = YES_AGGRESSIVE;
				CLANG_WARN_UNREACHABLE_CODE = YES;
				CLANG_WARN__DUPLICATE_METHOD_MATCH = YES;
				COPY_PHASE_STRIP = NO;
				DEBUG_INFORMATION_FORMAT = dwarf;
				ENABLE_STRICT_OBJC_MSGSEND = YES;
				ENABLE_TESTABILITY = YES;
				ENABLE_USER_SCRIPT_SANDBOXING = YES;
				GCC_C_LANGUAGE_STANDARD = gnu17;
				GCC_DYNAMIC_NO_PIC = NO;
				GCC_NO_COMMON_BLOCKS = YES;
				GCC_OPTIMIZATION_LEVEL = 0;
				GCC_PREPROCESSOR_DEFINITIONS = (
					"DEBUG=1",
					"$(inherited)",
				);
				GCC_WARN_64_TO_32_BIT_CONVERSION = YES;
				GCC_WARN_ABOUT_RETURN_TYPE = YES_ERROR;
				GCC_WARN_UNDECLARED_SELECTOR = YES;
				GCC_WARN_UNINITIALIZED_AUTOS = YES_AGGRESSIVE;
				GCC_WARN_UNUSED_FUNCTION = YES;
				GCC_WARN_UNUSED_VARIABLE = YES;
				IPHONEOS_DEPLOYMENT_TARGET = 17.5;
				LOCALIZATION_PREFERS_STRING_CATALOGS = YES;
				MTL_ENABLE_DEBUG_INFO = INCLUDE_SOURCE;
				MTL_FAST_MATH = YES;
				ONLY_ACTIVE_ARCH = YES;
				SDKROOT = iphoneos;
				SWIFT_ACTIVE_COMPILATION_CONDITIONS = "DEBUG $(inherited)";
				SWIFT_OPTIMIZATION_LEVEL = "-Onone";
			};
			name = Debug;
		};
		BAE7607F2C205803002C56B3 /* Release */ = {
			isa = XCBuildConfiguration;
			buildSettings = {
				ALWAYS_SEARCH_USER_PATHS = NO;
				ASSETCATALOG_COMPILER_GENERATE_SWIFT_ASSET_SYMBOL_EXTENSIONS = YES;
				CLANG_ANALYZER_NONNULL = YES;
				CLANG_ANALYZER_NUMBER_OBJECT_CONVERSION = YES_AGGRESSIVE;
				CLANG_CXX_LANGUAGE_STANDARD = "gnu++20";
				CLANG_ENABLE_MODULES = YES;
				CLANG_ENABLE_OBJC_ARC = YES;
				CLANG_ENABLE_OBJC_WEAK = YES;
				CLANG_WARN_BLOCK_CAPTURE_AUTORELEASING = YES;
				CLANG_WARN_BOOL_CONVERSION = YES;
				CLANG_WARN_COMMA = YES;
				CLANG_WARN_CONSTANT_CONVERSION = YES;
				CLANG_WARN_DEPRECATED_OBJC_IMPLEMENTATIONS = YES;
				CLANG_WARN_DIRECT_OBJC_ISA_USAGE = YES_ERROR;
				CLANG_WARN_DOCUMENTATION_COMMENTS = YES;
				CLANG_WARN_EMPTY_BODY = YES;
				CLANG_WARN_ENUM_CONVERSION = YES;
				CLANG_WARN_INFINITE_RECURSION = YES;
				CLANG_WARN_INT_CONVERSION = YES;
				CLANG_WARN_NON_LITERAL_NULL_CONVERSION = YES;
				CLANG_WARN_OBJC_IMPLICIT_RETAIN_SELF = YES;
				CLANG_WARN_OBJC_LITERAL_CONVERSION = YES;
				CLANG_WARN_OBJC_ROOT_CLASS = YES_ERROR;
				CLANG_WARN_QUOTED_INCLUDE_IN_FRAMEWORK_HEADER = YES;
				CLANG_WARN_RANGE_LOOP_ANALYSIS = YES;
				CLANG_WARN_STRICT_PROTOTYPES = YES;
				CLANG_WARN_SUSPICIOUS_MOVE = YES;
				CLANG_WARN_UNGUARDED_AVAILABILITY = YES_AGGRESSIVE;
				CLANG_WARN_UNREACHABLE_CODE = YES;
				CLANG_WARN__DUPLICATE_METHOD_MATCH = YES;
				COPY_PHASE_STRIP = NO;
				DEBUG_INFORMATION_FORMAT = "dwarf-with-dsym";
				ENABLE_NS_ASSERTIONS = NO;
				ENABLE_STRICT_OBJC_MSGSEND = YES;
				ENABLE_USER_SCRIPT_SANDBOXING = YES;
				GCC_C_LANGUAGE_STANDARD = gnu17;
				GCC_NO_COMMON_BLOCKS = YES;
				GCC_WARN_64_TO_32_BIT_CONVERSION = YES;
				GCC_WARN_ABOUT_RETURN_TYPE = YES_ERROR;
				GCC_WARN_UNDECLARED_SELECTOR = YES;
				GCC_WARN_UNINITIALIZED_AUTOS = YES_AGGRESSIVE;
				GCC_WARN_UNUSED_FUNCTION = YES;
				GCC_WARN_UNUSED_VARIABLE = YES;
				IPHONEOS_DEPLOYMENT_TARGET = 17.5;
				LOCALIZATION_PREFERS_STRING_CATALOGS = YES;
				MTL_ENABLE_DEBUG_INFO = NO;
				MTL_FAST_MATH = YES;
				SDKROOT = iphoneos;
				SWIFT_COMPILATION_MODE = wholemodule;
				VALIDATE_PRODUCT = YES;
			};
			name = Release;
		};
		BAE760812C205803002C56B3 /* Debug */ = {
			isa = XCBuildConfiguration;
			buildSettings = {
				ASSETCATALOG_COMPILER_APPICON_NAME = AppIcon;
				ASSETCATALOG_COMPILER_GLOBAL_ACCENT_COLOR_NAME = AccentColor;
				CODE_SIGN_STYLE = Automatic;
				CURRENT_PROJECT_VERSION = 1;
				DEVELOPMENT_ASSET_PATHS = "\"ChordJam/Preview Content\"";
				DEVELOPMENT_TEAM = CAPH2JRFFZ;
				ENABLE_PREVIEWS = YES;
				GENERATE_INFOPLIST_FILE = YES;
				INFOPLIST_KEY_NSMicrophoneUsageDescription = "perlu mic";
				INFOPLIST_KEY_UIApplicationSceneManifest_Generation = YES;
				INFOPLIST_KEY_UIApplicationSupportsIndirectInputEvents = YES;
				INFOPLIST_KEY_UILaunchScreen_Generation = YES;
				INFOPLIST_KEY_UISupportedInterfaceOrientations_iPad = "UIInterfaceOrientationPortrait UIInterfaceOrientationPortraitUpsideDown UIInterfaceOrientationLandscapeLeft UIInterfaceOrientationLandscapeRight";
				INFOPLIST_KEY_UISupportedInterfaceOrientations_iPhone = "UIInterfaceOrientationPortrait UIInterfaceOrientationLandscapeLeft UIInterfaceOrientationLandscapeRight";
				LD_RUNPATH_SEARCH_PATHS = (
					"$(inherited)",
					"@executable_path/Frameworks",
				);
				MARKETING_VERSION = 1.0;
				PRODUCT_BUNDLE_IDENTIFIER = com.pang.ChordJam;
				PRODUCT_NAME = "$(TARGET_NAME)";
				SWIFT_EMIT_LOC_STRINGS = YES;
				SWIFT_VERSION = 5.0;
				TARGETED_DEVICE_FAMILY = "1,2";
			};
			name = Debug;
		};
		BAE760822C205803002C56B3 /* Release */ = {
			isa = XCBuildConfiguration;
			buildSettings = {
				ASSETCATALOG_COMPILER_APPICON_NAME = AppIcon;
				ASSETCATALOG_COMPILER_GLOBAL_ACCENT_COLOR_NAME = AccentColor;
				CODE_SIGN_STYLE = Automatic;
				CURRENT_PROJECT_VERSION = 1;
				DEVELOPMENT_ASSET_PATHS = "\"ChordJam/Preview Content\"";
				DEVELOPMENT_TEAM = CAPH2JRFFZ;
				ENABLE_PREVIEWS = YES;
				GENERATE_INFOPLIST_FILE = YES;
				INFOPLIST_KEY_NSMicrophoneUsageDescription = "perlu mic";
				INFOPLIST_KEY_UIApplicationSceneManifest_Generation = YES;
				INFOPLIST_KEY_UIApplicationSupportsIndirectInputEvents = YES;
				INFOPLIST_KEY_UILaunchScreen_Generation = YES;
				INFOPLIST_KEY_UISupportedInterfaceOrientations_iPad = "UIInterfaceOrientationPortrait UIInterfaceOrientationPortraitUpsideDown UIInterfaceOrientationLandscapeLeft UIInterfaceOrientationLandscapeRight";
				INFOPLIST_KEY_UISupportedInterfaceOrientations_iPhone = "UIInterfaceOrientationPortrait UIInterfaceOrientationLandscapeLeft UIInterfaceOrientationLandscapeRight";
				LD_RUNPATH_SEARCH_PATHS = (
					"$(inherited)",
					"@executable_path/Frameworks",
				);
				MARKETING_VERSION = 1.0;
				PRODUCT_BUNDLE_IDENTIFIER = com.pang.ChordJam;
				PRODUCT_NAME = "$(TARGET_NAME)";
				SWIFT_EMIT_LOC_STRINGS = YES;
				SWIFT_VERSION = 5.0;
				TARGETED_DEVICE_FAMILY = "1,2";
			};
			name = Release;
		};
/* End XCBuildConfiguration section */

/* Begin XCConfigurationList section */
		BAE7606D2C205801002C56B3 /* Build configuration list for PBXProject "ChordJam" */ = {
			isa = XCConfigurationList;
			buildConfigurations = (
				BAE7607E2C205803002C56B3 /* Debug */,
				BAE7607F2C205803002C56B3 /* Release */,
			);
			defaultConfigurationIsVisible = 0;
			defaultConfigurationName = Release;
		};
		BAE760802C205803002C56B3 /* Build configuration list for PBXNativeTarget "ChordJam" */ = {
			isa = XCConfigurationList;
			buildConfigurations = (
				BAE760812C205803002C56B3 /* Debug */,
				BAE760822C205803002C56B3 /* Release */,
			);
			defaultConfigurationIsVisible = 0;
			defaultConfigurationName = Release;
		};
/* End XCConfigurationList section */

/* Begin XCRemoteSwiftPackageReference section */
		BAEDEC742C20A31A00752435 /* XCRemoteSwiftPackageReference "AudioKit" */ = {
			isa = XCRemoteSwiftPackageReference;
			repositoryURL = "https://github.com/AudioKit/AudioKit.git";
			requirement = {
				kind = upToNextMajorVersion;
				minimumVersion = 5.6.4;
			};
		};
		BAEDEC772C20A32200752435 /* XCRemoteSwiftPackageReference "AudioKitEX" */ = {
			isa = XCRemoteSwiftPackageReference;
			repositoryURL = "https://github.com/AudioKit/AudioKitEX.git";
			requirement = {
				kind = upToNextMajorVersion;
				minimumVersion = 5.6.0;
			};
		};
		BAEDEC7A2C20A33C00752435 /* XCRemoteSwiftPackageReference "AudioKitUI" */ = {
			isa = XCRemoteSwiftPackageReference;
			repositoryURL = "https://github.com/AudioKit/AudioKitUI.git";
			requirement = {
				kind = upToNextMajorVersion;
				minimumVersion = 0.3.7;
			};
		};
		BAEDEC7D2C20A36000752435 /* XCRemoteSwiftPackageReference "SoundpipeAudioKit" */ = {
			isa = XCRemoteSwiftPackageReference;
			repositoryURL = "https://github.com/AudioKit/SoundpipeAudioKit.git";
			requirement = {
				kind = upToNextMajorVersion;
				minimumVersion = 5.6.1;
			};
		};
		BAEDEC892C216DB000752435 /* XCRemoteSwiftPackageReference "Tonic" */ = {
			isa = XCRemoteSwiftPackageReference;
			repositoryURL = "https://github.com/AudioKit/Tonic.git";
			requirement = {
				kind = upToNextMajorVersion;
				minimumVersion = 1.4.0;
			};
		};
/* End XCRemoteSwiftPackageReference section */

/* Begin XCSwiftPackageProductDependency section */
		BAEDEC702C2097F900752435 /* AudioKit */ = {
			isa = XCSwiftPackageProductDependency;
			productName = AudioKit;
		};
		BAEDEC752C20A31A00752435 /* AudioKit */ = {
			isa = XCSwiftPackageProductDependency;
			package = BAEDEC742C20A31A00752435 /* XCRemoteSwiftPackageReference "AudioKit" */;
			productName = AudioKit;
		};
		BAEDEC782C20A32200752435 /* AudioKitEX */ = {
			isa = XCSwiftPackageProductDependency;
			package = BAEDEC772C20A32200752435 /* XCRemoteSwiftPackageReference "AudioKitEX" */;
			productName = AudioKitEX;
		};
		BAEDEC7B2C20A33C00752435 /* AudioKitUI */ = {
			isa = XCSwiftPackageProductDependency;
			package = BAEDEC7A2C20A33C00752435 /* XCRemoteSwiftPackageReference "AudioKitUI" */;
			productName = AudioKitUI;
		};
		BAEDEC7E2C20A36000752435 /* SoundpipeAudioKit */ = {
			isa = XCSwiftPackageProductDependency;
			package = BAEDEC7D2C20A36000752435 /* XCRemoteSwiftPackageReference "SoundpipeAudioKit" */;
			productName = SoundpipeAudioKit;
		};
		BAEDEC8A2C216DB000752435 /* Tonic */ = {
			isa = XCSwiftPackageProductDependency;
			package = BAEDEC892C216DB000752435 /* XCRemoteSwiftPackageReference "Tonic" */;
			productName = Tonic;
		};
/* End XCSwiftPackageProductDependency section */
	};
	rootObject = BAE7606A2C205801002C56B3 /* Project object */;
}
